
Microsoft Visual Studio Solution File, Format Version 12.00
# Visual Studio Version 16
VisualStudioVersion = 16.0.29326.143
MinimumVisualStudioVersion = 10.0.40219.1
Project("{8BC9CEB8-8B4A-11D0-8D11-00A0C91BC942}") = "Railroad", "Railroad.vcxproj", "{5F5AF392-37E1-410B-B26F-06F55FD781E9}"
EndProject
Project("{8BC9CEB8-8B4A-11D0-8D11-00A0C91BC942}") = "Detectores", "..\Detectores\Detectores.vcxproj", "{D3424FA4-654F-4442-8AE6-9FEA97FE9400}"
EndProject
Project("{8BC9CEB8-8B4A-11D0-8D11-00A0C91BC942}") = "ExibicaoAlarme", "..\ExibicaoAlarme\ExibicaoAlarme.vcxproj", "{0BE8F939-0E8C-4ECE-A954-E33EF39FA934}"
EndProject
Project("{8BC9CEB8-8B4A-11D0-8D11-00A0C91BC942}") = "ExibicaoDados", "..\ExibicaoDados\ExibicaoDados.vcxproj", "{C32058DB-1D94-4C22-9D1C-5825ED6E056D}"
EndProject
Project("{8BC9CEB8-8B4A-11D0-8D11-00A0C91BC942}") = "Teclado", "..\Teclado\Teclado.vcxproj", "{D8A3EF02-0B0F-40B6-8F1A-E179BA5A5AB0}"
EndProject
Global
	GlobalSection(SolutionConfigurationPlatforms) = preSolution
		Debug|x64 = Debug|x64
		Debug|x86 = Debug|x86
		Release|x64 = Release|x64
		Release|x86 = Release|x86
	EndGlobalSection
	GlobalSection(ProjectConfigurationPlatforms) = postSolution
		{5F5AF392-37E1-410B-B26F-06F55FD781E9}.Debug|x64.ActiveCfg = Debug|x64
		{5F5AF392-37E1-410B-B26F-06F55FD781E9}.Debug|x64.Build.0 = Debug|x64
		{5F5AF392-37E1-410B-B26F-06F55FD781E9}.Debug|x86.ActiveCfg = Debug|Win32
		{5F5AF392-37E1-410B-B26F-06F55FD781E9}.Debug|x86.Build.0 = Debug|Win32
		{5F5AF392-37E1-410B-B26F-06F55FD781E9}.Release|x64.ActiveCfg = Release|x64
		{5F5AF392-37E1-410B-B26F-06F55FD781E9}.Release|x64.Build.0 = Release|x64
		{5F5AF392-37E1-410B-B26F-06F55FD781E9}.Release|x86.ActiveCfg = Release|Win32
		{5F5AF392-37E1-410B-B26F-06F55FD781E9}.Release|x86.Build.0 = Release|Win32
		{D3424FA4-654F-4442-8AE6-9FEA97FE9400}.Debug|x64.ActiveCfg = Debug|x64
		{D3424FA4-654F-4442-8AE6-9FEA97FE9400}.Debug|x64.Build.0 = Debug|x64
		{D3424FA4-654F-4442-8AE6-9FEA97FE9400}.Debug|x86.ActiveCfg = Debug|Win32
		{D3424FA4-654F-4442-8AE6-9FEA97FE9400}.Debug|x86.Build.0 = Debug|Win32
		{D3424FA4-654F-4442-8AE6-9FEA97FE9400}.Release|x64.ActiveCfg = Release|x64
		{D3424FA4-654F-4442-8AE6-9FEA97FE9400}.Release|x64.Build.0 = Release|x64
		{D3424FA4-654F-4442-8AE6-9FEA97FE9400}.Release|x86.ActiveCfg = Release|Win32
		{D3424FA4-654F-4442-8AE6-9FEA97FE9400}.Release|x86.Build.0 = Release|Win32
		{0BE8F939-0E8C-4ECE-A954-E33EF39FA934}.Debug|x64.ActiveCfg = Debug|x64
		{0BE8F939-0E8C-4ECE-A954-E33EF39FA934}.Debug|x64.Build.0 = Debug|x64
		{0BE8F939-0E8C-4ECE-A954-E33EF39FA934}.Debug|x86.ActiveCfg = Debug|Win32
		{0BE8F939-0E8C-4ECE-A954-E33EF39FA934}.Debug|x86.Build.0 = Debug|Win32
		{0BE8F939-0E8C-4ECE-A954-E33EF39FA934}.Release|x64.ActiveCfg = Release|x64
		{0BE8F939-0E8C-4ECE-A954-E33EF39FA934}.Release|x64.Build.0 = Release|x64
		{0BE8F939-0E8C-4ECE-A954-E33EF39FA934}.Release|x86.ActiveCfg = Release|Win32
		{0BE8F939-0E8C-4ECE-A954-E33EF39FA934}.Release|x86.Build.0 = Release|Win32
		{C32058DB-1D94-4C22-9D1C-5825ED6E056D}.Debug|x64.ActiveCfg = Debug|x64
		{C32058DB-1D94-4C22-9D1C-5825ED6E056D}.Debug|x64.Build.0 = Debug|x64
		{C32058DB-1D94-4C22-9D1C-5825ED6E056D}.Debug|x86.ActiveCfg = Debug|Win32
		{C32058DB-1D94-4C22-9D1C-5825ED6E056D}.Debug|x86.Build.0 = Debug|Win32
		{C32058DB-1D94-4C22-9D1C-5825ED6E056D}.Release|x64.ActiveCfg = Release|x64
		{C32058DB-1D94-4C22-9D1C-5825ED6E056D}.Release|x64.Build.0 = Release|x64
		{C32058DB-1D94-4C22-9D1C-5825ED6E056D}.Release|x86.ActiveCfg = Release|Win32
		{C32058DB-1D94-4C22-9D1C-5825ED6E056D}.Release|x86.Build.0 = Release|Win32
		{D8A3EF02-0B0F-40B6-8F1A-E179BA5A5AB0}.Debug|x64.ActiveCfg = Debug|x64
		{D8A3EF02-0B0F-40B6-8F1A-E179BA5A5AB0}.Debug|x64.Build.0 = Debug|x64
		{D8A3EF02-0B0F-40B6-8F1A-E179BA5A5AB0}.Debug|x86.ActiveCfg = Debug|Win32
		{D8A3EF02-0B0F-40B6-8F1A-E179BA5A5AB0}.Debug|x86.Build.0 = Debug|Win32
		{D8A3EF02-0B0F-40B6-8F1A-E179BA5A5AB0}.Release|x64.ActiveCfg = Release|x64
		{D8A3EF02-0B0F-40B6-8F1A-E179BA5A5AB0}.Release|x64.Build.0 = Release|x64
		{D8A3EF02-0B0F-40B6-8F1A-E179BA5A5AB0}.Release|x86.ActiveCfg = Release|Win32
		{D8A3EF02-0B0F-40B6-8F1A-E179BA5A5AB0}.Release|x86.Build.0 = Release|Win32
	EndGlobalSection
	GlobalSection(SolutionProperties) = preSolution
		HideSolutionNode = FALSE
	EndGlobalSection
	GlobalSection(ExtensibilityGlobals) = postSolution
		SolutionGuid = {FA10DB68-247F-4255-B0D1-1CBD431C20EC}
	EndGlobalSection
EndGlobal
